
Microsoft Visual Studio Solution File, Format Version 12.00
# Visual Studio Version 16
VisualStudioVersion = 16.0.30204.135
MinimumVisualStudioVersion = 10.0.40219.1
Project("{FAE04EC0-301F-11D3-BF4B-00C04F79EFBC}") = "G1ANT.Addon.Quora", "G1ANT.Addon.Quora.csproj", "{CDAD6563-0B59-4052-87DB-B86CF2ACA326}"
EndProject
Global
	GlobalSection(SolutionConfigurationPlatforms) = preSolution
		Debug|Any CPU = Debug|Any CPU
		Release|Any CPU = Release|Any CPU
	EndGlobalSection
	GlobalSection(ProjectConfigurationPlatforms) = postSolution
		{CDAD6563-0B59-4052-87DB-B86CF2ACA326}.Debug|Any CPU.ActiveCfg = Debug|Any CPU
		{CDAD6563-0B59-4052-87DB-B86CF2ACA326}.Debug|Any CPU.Build.0 = Debug|Any CPU
		{CDAD6563-0B59-4052-87DB-B86CF2ACA326}.Release|Any CPU.ActiveCfg = Release|Any CPU
		{CDAD6563-0B59-4052-87DB-B86CF2ACA326}.Release|Any CPU.Build.0 = Release|Any CPU
	EndGlobalSection
	GlobalSection(SolutionProperties) = preSolution
		HideSolutionNode = FALSE
	EndGlobalSection
	GlobalSection(ExtensibilityGlobals) = postSolution
		SolutionGuid = {2501F310-D1E6-4969-AB2A-FC0B7EB2C978}
	EndGlobalSection
EndGlobal
