
Microsoft Visual Studio Solution File, Format Version 12.00
# Visual Studio Version 16
VisualStudioVersion = 16.0.30309.148
MinimumVisualStudioVersion = 10.0.40219.1
Project("{FAE04EC0-301F-11D3-BF4B-00C04F79EFBC}") = "G1ANT.Addon.FacebookApp", "G1ANT.Addon.FacebookApp\G1ANT.Addon.FacebookApp.csproj", "{4E486726-F9B1-4415-B0D5-D21D35DACD56}"
EndProject
Global
	GlobalSection(SolutionConfigurationPlatforms) = preSolution
		Debug|Any CPU = Debug|Any CPU
		Release|Any CPU = Release|Any CPU
	EndGlobalSection
	GlobalSection(ProjectConfigurationPlatforms) = postSolution
		{4E486726-F9B1-4415-B0D5-D21D35DACD56}.Debug|Any CPU.ActiveCfg = Debug|Any CPU
		{4E486726-F9B1-4415-B0D5-D21D35DACD56}.Debug|Any CPU.Build.0 = Debug|Any CPU
		{4E486726-F9B1-4415-B0D5-D21D35DACD56}.Release|Any CPU.ActiveCfg = Release|Any CPU
		{4E486726-F9B1-4415-B0D5-D21D35DACD56}.Release|Any CPU.Build.0 = Release|Any CPU
	EndGlobalSection
	GlobalSection(SolutionProperties) = preSolution
		HideSolutionNode = FALSE
	EndGlobalSection
	GlobalSection(ExtensibilityGlobals) = postSolution
		SolutionGuid = {23267D7D-CF58-491B-ADA3-898AA82DFC97}
	EndGlobalSection
EndGlobal
