
Microsoft Visual Studio Solution File, Format Version 12.00
# Visual Studio Version 16
VisualStudioVersion = 16.0.30204.135
MinimumVisualStudioVersion = 10.0.40219.1
Project("{FAE04EC0-301F-11D3-BF4B-00C04F79EFBC}") = "G1ANT.Addon.Viber", "G1ANT.Addon.Viber.csproj", "{A4D5D5FD-889C-45BF-AE3D-669C1657218B}"
EndProject
Global
	GlobalSection(SolutionConfigurationPlatforms) = preSolution
		Debug|Any CPU = Debug|Any CPU
		Release|Any CPU = Release|Any CPU
	EndGlobalSection
	GlobalSection(ProjectConfigurationPlatforms) = postSolution
		{A4D5D5FD-889C-45BF-AE3D-669C1657218B}.Debug|Any CPU.ActiveCfg = Debug|Any CPU
		{A4D5D5FD-889C-45BF-AE3D-669C1657218B}.Debug|Any CPU.Build.0 = Debug|Any CPU
		{A4D5D5FD-889C-45BF-AE3D-669C1657218B}.Release|Any CPU.ActiveCfg = Release|Any CPU
		{A4D5D5FD-889C-45BF-AE3D-669C1657218B}.Release|Any CPU.Build.0 = Release|Any CPU
	EndGlobalSection
	GlobalSection(SolutionProperties) = preSolution
		HideSolutionNode = FALSE
	EndGlobalSection
	GlobalSection(ExtensibilityGlobals) = postSolution
		SolutionGuid = {2126180D-02C1-49D7-B9DC-E04C2C9A3D2F}
	EndGlobalSection
EndGlobal
