
Microsoft Visual Studio Solution File, Format Version 12.00
# Visual Studio Version 16
VisualStudioVersion = 16.0.30330.147
MinimumVisualStudioVersion = 10.0.40219.1
Project("{FAE04EC0-301F-11D3-BF4B-00C04F79EFBC}") = "G1ANT.Addon.ZomatoApp", "G1ANT.Addon.ZomatoApp\G1ANT.Addon.ZomatoApp.csproj", "{9528D393-99CC-4722-9F91-B418A63DA2C6}"
EndProject
Global
	GlobalSection(SolutionConfigurationPlatforms) = preSolution
		Debug|Any CPU = Debug|Any CPU
		Release|Any CPU = Release|Any CPU
	EndGlobalSection
	GlobalSection(ProjectConfigurationPlatforms) = postSolution
		{9528D393-99CC-4722-9F91-B418A63DA2C6}.Debug|Any CPU.ActiveCfg = Debug|Any CPU
		{9528D393-99CC-4722-9F91-B418A63DA2C6}.Debug|Any CPU.Build.0 = Debug|Any CPU
		{9528D393-99CC-4722-9F91-B418A63DA2C6}.Release|Any CPU.ActiveCfg = Release|Any CPU
		{9528D393-99CC-4722-9F91-B418A63DA2C6}.Release|Any CPU.Build.0 = Release|Any CPU
	EndGlobalSection
	GlobalSection(SolutionProperties) = preSolution
		HideSolutionNode = FALSE
	EndGlobalSection
	GlobalSection(ExtensibilityGlobals) = postSolution
		SolutionGuid = {5260486B-9B66-4EC5-83F5-07F59E2E6C33}
	EndGlobalSection
EndGlobal
