
Microsoft Visual Studio Solution File, Format Version 12.00
# Visual Studio Version 16
VisualStudioVersion = 16.0.30309.148
MinimumVisualStudioVersion = 10.0.40219.1
Project("{FAE04EC0-301F-11D3-BF4B-00C04F79EFBC}") = "G1ANT.Addon.WebexApp", "G1ANT.Addon.WebexApp\G1ANT.Addon.WebexApp.csproj", "{30E9BD11-272B-4076-B89E-0621531C6B2A}"
EndProject
Global
	GlobalSection(SolutionConfigurationPlatforms) = preSolution
		Debug|Any CPU = Debug|Any CPU
		Release|Any CPU = Release|Any CPU
	EndGlobalSection
	GlobalSection(ProjectConfigurationPlatforms) = postSolution
		{30E9BD11-272B-4076-B89E-0621531C6B2A}.Debug|Any CPU.ActiveCfg = Debug|Any CPU
		{30E9BD11-272B-4076-B89E-0621531C6B2A}.Debug|Any CPU.Build.0 = Debug|Any CPU
		{30E9BD11-272B-4076-B89E-0621531C6B2A}.Release|Any CPU.ActiveCfg = Release|Any CPU
		{30E9BD11-272B-4076-B89E-0621531C6B2A}.Release|Any CPU.Build.0 = Release|Any CPU
	EndGlobalSection
	GlobalSection(SolutionProperties) = preSolution
		HideSolutionNode = FALSE
	EndGlobalSection
	GlobalSection(ExtensibilityGlobals) = postSolution
		SolutionGuid = {25D072C3-6FE0-40B7-BE7F-021A62FB8072}
	EndGlobalSection
EndGlobal
